// !$*UTF8*$!
{
	archiveVersion = 1;
	classes = {
	};
	objectVersion = 50;
	objects = {

/* Begin PBXBuildFile section */
		43F242B92667EDA314BAB307 /* Pods_FaceDetection_MLKitTests.framework in Frameworks */ = {isa = PBXBuildFile; fileRef = 1310FD4494954EF9F7D11CD3 /* Pods_FaceDetection_MLKitTests.framework */; };
		71B182D7224A5527007078C7 /* AppDelegate.swift in Sources */ = {isa = PBXBuildFile; fileRef = 71B182D6224A5527007078C7 /* AppDelegate.swift */; };
		71B182D9224A5527007078C7 /* ViewController.swift in Sources */ = {isa = PBXBuildFile; fileRef = 71B182D8224A5527007078C7 /* ViewController.swift */; };
		71B182DC224A5527007078C7 /* Main.storyboard in Resources */ = {isa = PBXBuildFile; fileRef = 71B182DA224A5527007078C7 /* Main.storyboard */; };
		71B182DE224A5529007078C7 /* Assets.xcassets in Resources */ = {isa = PBXBuildFile; fileRef = 71B182DD224A5529007078C7 /* Assets.xcassets */; };
		71B182E1224A5529007078C7 /* LaunchScreen.storyboard in Resources */ = {isa = PBXBuildFile; fileRef = 71B182DF224A5529007078C7 /* LaunchScreen.storyboard */; };
		71B182EC224A5529007078C7 /* FaceDetection_MLKitTests.swift in Sources */ = {isa = PBXBuildFile; fileRef = 71B182EB224A5529007078C7 /* FaceDetection_MLKitTests.swift */; };
		71B182F7224A554B007078C7 /* GoogleService-Info.plist in Resources */ = {isa = PBXBuildFile; fileRef = 71B182F6224A554B007078C7 /* GoogleService-Info.plist */; };
		71B182F9224A56F7007078C7 /* VideoCapture.swift in Sources */ = {isa = PBXBuildFile; fileRef = 71B182F8224A56F7007078C7 /* VideoCapture.swift */; };
		71B182FB224A5702007078C7 /* Measure.swift in Sources */ = {isa = PBXBuildFile; fileRef = 71B182FA224A5702007078C7 /* Measure.swift */; };
		71B182FD224A59E6007078C7 /* DrawingView.swift in Sources */ = {isa = PBXBuildFile; fileRef = 71B182FC224A59E6007078C7 /* DrawingView.swift */; };
		8734A750BA834B5B341DE0A0 /* Pods_FaceDetection_MLKit.framework in Frameworks */ = {isa = PBXBuildFile; fileRef = 4DE825FF75FEBC43B0174C97 /* Pods_FaceDetection_MLKit.framework */; };
/* End PBXBuildFile section */

/* Begin PBXContainerItemProxy section */
		71B182E8224A5529007078C7 /* PBXContainerItemProxy */ = {
			isa = PBXContainerItemProxy;
			containerPortal = 71B182CB224A5527007078C7 /* Project object */;
			proxyType = 1;
			remoteGlobalIDString = 71B182D2224A5527007078C7;
			remoteInfo = "FaceDetection-MLKit";
		};
/* End PBXContainerItemProxy section */

/* Begin PBXFileReference section */
		1310FD4494954EF9F7D11CD3 /* Pods_FaceDetection_MLKitTests.framework */ = {isa = PBXFileReference; explicitFileType = wrapper.framework; includeInIndex = 0; path = Pods_FaceDetection_MLKitTests.framework; sourceTree = BUILT_PRODUCTS_DIR; };
		300228CD0A11BAB2391E5389 /* Pods-FaceDetection-MLKit.debug.xcconfig */ = {isa = PBXFileReference; includeInIndex = 1; lastKnownFileType = text.xcconfig; name = "Pods-FaceDetection-MLKit.debug.xcconfig"; path = "Target Support Files/Pods-FaceDetection-MLKit/Pods-FaceDetection-MLKit.debug.xcconfig"; sourceTree = "<group>"; };
		4DE825FF75FEBC43B0174C97 /* Pods_FaceDetection_MLKit.framework */ = {isa = PBXFileReference; explicitFileType = wrapper.framework; includeInIndex = 0; path = Pods_FaceDetection_MLKit.framework; sourceTree = BUILT_PRODUCTS_DIR; };
		6A7811808EBD55F314A60F32 /* Pods-FaceDetection-MLKitTests.debug.xcconfig */ = {isa = PBXFileReference; includeInIndex = 1; lastKnownFileType = text.xcconfig; name = "Pods-FaceDetection-MLKitTests.debug.xcconfig"; path = "Target Support Files/Pods-FaceDetection-MLKitTests/Pods-FaceDetection-MLKitTests.debug.xcconfig"; sourceTree = "<group>"; };
		71B182D3224A5527007078C7 /* FaceDetection-MLKit.app */ = {isa = PBXFileReference; explicitFileType = wrapper.application; includeInIndex = 0; path = "FaceDetection-MLKit.app"; sourceTree = BUILT_PRODUCTS_DIR; };
		71B182D6224A5527007078C7 /* AppDelegate.swift */ = {isa = PBXFileReference; lastKnownFileType = sourcecode.swift; path = AppDelegate.swift; sourceTree = "<group>"; };
		71B182D8224A5527007078C7 /* ViewController.swift */ = {isa = PBXFileReference; lastKnownFileType = sourcecode.swift; path = ViewController.swift; sourceTree = "<group>"; };
		71B182DB224A5527007078C7 /* Base */ = {isa = PBXFileReference; lastKnownFileType = file.storyboard; name = Base; path = Base.lproj/Main.storyboard; sourceTree = "<group>"; };
		71B182DD224A5529007078C7 /* Assets.xcassets */ = {isa = PBXFileReference; lastKnownFileType = folder.assetcatalog; path = Assets.xcassets; sourceTree = "<group>"; };
		71B182E0224A5529007078C7 /* Base */ = {isa = PBXFileReference; lastKnownFileType = file.storyboard; name = Base; path = Base.lproj/LaunchScreen.storyboard; sourceTree = "<group>"; };
		71B182E2224A5529007078C7 /* Info.plist */ = {isa = PBXFileReference; lastKnownFileType = text.plist.xml; path = Info.plist; sourceTree = "<group>"; };
		71B182E7224A5529007078C7 /* FaceDetection-MLKitTests.xctest */ = {isa = PBXFileReference; explicitFileType = wrapper.cfbundle; includeInIndex = 0; path = "FaceDetection-MLKitTests.xctest"; sourceTree = BUILT_PRODUCTS_DIR; };
		71B182EB224A5529007078C7 /* FaceDetection_MLKitTests.swift */ = {isa = PBXFileReference; lastKnownFileType = sourcecode.swift; path = FaceDetection_MLKitTests.swift; sourceTree = "<group>"; };
		71B182ED224A5529007078C7 /* Info.plist */ = {isa = PBXFileReference; lastKnownFileType = text.plist.xml; path = Info.plist; sourceTree = "<group>"; };
		71B182F6224A554B007078C7 /* GoogleService-Info.plist */ = {isa = PBXFileReference; fileEncoding = 4; lastKnownFileType = text.plist.xml; path = "GoogleService-Info.plist"; sourceTree = "<group>"; };
		71B182F8224A56F7007078C7 /* VideoCapture.swift */ = {isa = PBXFileReference; fileEncoding = 4; lastKnownFileType = sourcecode.swift; path = VideoCapture.swift; sourceTree = "<group>"; };
		71B182FA224A5702007078C7 /* Measure.swift */ = {isa = PBXFileReference; fileEncoding = 4; lastKnownFileType = sourcecode.swift; path = Measure.swift; sourceTree = "<group>"; };
		71B182FC224A59E6007078C7 /* DrawingView.swift */ = {isa = PBXFileReference; lastKnownFileType = sourcecode.swift; path = DrawingView.swift; sourceTree = "<group>"; };
		75C50F6048454BDB4DEF36F3 /* Pods-FaceDetection-MLKitTests.release.xcconfig */ = {isa = PBXFileReference; includeInIndex = 1; lastKnownFileType = text.xcconfig; name = "Pods-FaceDetection-MLKitTests.release.xcconfig"; path = "Target Support Files/Pods-FaceDetection-MLKitTests/Pods-FaceDetection-MLKitTests.release.xcconfig"; sourceTree = "<group>"; };
		BB6FF90A25B65FC49981FCDB /* Pods-FaceDetection-MLKit.release.xcconfig */ = {isa = PBXFileReference; includeInIndex = 1; lastKnownFileType = text.xcconfig; name = "Pods-FaceDetection-MLKit.release.xcconfig"; path = "Target Support Files/Pods-FaceDetection-MLKit/Pods-FaceDetection-MLKit.release.xcconfig"; sourceTree = "<group>"; };
/* End PBXFileReference section */

/* Begin PBXFrameworksBuildPhase section */
		71B182D0224A5527007078C7 /* Frameworks */ = {
			isa = PBXFrameworksBuildPhase;
			buildActionMask = 2147483647;
			files = (
				8734A750BA834B5B341DE0A0 /* Pods_FaceDetection_MLKit.framework in Frameworks */,
			);
			runOnlyForDeploymentPostprocessing = 0;
		};
		71B182E4224A5529007078C7 /* Frameworks */ = {
			isa = PBXFrameworksBuildPhase;
			buildActionMask = 2147483647;
			files = (
				43F242B92667EDA314BAB307 /* Pods_FaceDetection_MLKitTests.framework in Frameworks */,
			);
			runOnlyForDeploymentPostprocessing = 0;
		};
/* End PBXFrameworksBuildPhase section */

/* Begin PBXGroup section */
		2C36C327D3F24CDE4940B5DA /* Frameworks */ = {
			isa = PBXGroup;
			children = (
				4DE825FF75FEBC43B0174C97 /* Pods_FaceDetection_MLKit.framework */,
				1310FD4494954EF9F7D11CD3 /* Pods_FaceDetection_MLKitTests.framework */,
			);
			name = Frameworks;
			sourceTree = "<group>";
		};
		71B182CA224A5527007078C7 = {
			isa = PBXGroup;
			children = (
				71B182D5224A5527007078C7 /* FaceDetection-MLKit */,
				71B182EA224A5529007078C7 /* FaceDetection-MLKitTests */,
				71B182D4224A5527007078C7 /* Products */,
				E4E4F74458721AD6637B4E7B /* Pods */,
				2C36C327D3F24CDE4940B5DA /* Frameworks */,
			);
			sourceTree = "<group>";
		};
		71B182D4224A5527007078C7 /* Products */ = {
			isa = PBXGroup;
			children = (
				71B182D3224A5527007078C7 /* FaceDetection-MLKit.app */,
				71B182E7224A5529007078C7 /* FaceDetection-MLKitTests.xctest */,
			);
			name = Products;
			sourceTree = "<group>";
		};
		71B182D5224A5527007078C7 /* FaceDetection-MLKit */ = {
			isa = PBXGroup;
			children = (
				71B182D6224A5527007078C7 /* AppDelegate.swift */,
				71B182D8224A5527007078C7 /* ViewController.swift */,
				71B182FC224A59E6007078C7 /* DrawingView.swift */,
				71B182F8224A56F7007078C7 /* VideoCapture.swift */,
				71B182FA224A5702007078C7 /* Measure.swift */,
				71B182DA224A5527007078C7 /* Main.storyboard */,
				71B182DD224A5529007078C7 /* Assets.xcassets */,
				71B182DF224A5529007078C7 /* LaunchScreen.storyboard */,
				71B182E2224A5529007078C7 /* Info.plist */,
				71B182F6224A554B007078C7 /* GoogleService-Info.plist */,
			);
			path = "FaceDetection-MLKit";
			sourceTree = "<group>";
		};
		71B182EA224A5529007078C7 /* FaceDetection-MLKitTests */ = {
			isa = PBXGroup;
			children = (
				71B182EB224A5529007078C7 /* FaceDetection_MLKitTests.swift */,
				71B182ED224A5529007078C7 /* Info.plist */,
			);
			path = "FaceDetection-MLKitTests";
			sourceTree = "<group>";
		};
		E4E4F74458721AD6637B4E7B /* Pods */ = {
			isa = PBXGroup;
			children = (
				300228CD0A11BAB2391E5389 /* Pods-FaceDetection-MLKit.debug.xcconfig */,
				BB6FF90A25B65FC49981FCDB /* Pods-FaceDetection-MLKit.release.xcconfig */,
				6A7811808EBD55F314A60F32 /* Pods-FaceDetection-MLKitTests.debug.xcconfig */,
				75C50F6048454BDB4DEF36F3 /* Pods-FaceDetection-MLKitTests.release.xcconfig */,
			);
			path = Pods;
			sourceTree = "<group>";
		};
/* End PBXGroup section */

/* Begin PBXNativeTarget section */
		71B182D2224A5527007078C7 /* FaceDetection-MLKit */ = {
			isa = PBXNativeTarget;
			buildConfigurationList = 71B182F0224A5529007078C7 /* Build configuration list for PBXNativeTarget "FaceDetection-MLKit" */;
			buildPhases = (
				389E79C06826572392561045 /* [CP] Check Pods Manifest.lock */,
				71B182CF224A5527007078C7 /* Sources */,
				71B182D0224A5527007078C7 /* Frameworks */,
				71B182D1224A5527007078C7 /* Resources */,
				B5E78D0D1240C39AD9243187 /* [CP] Embed Pods Frameworks */,
				55E8DA1EA41313DF2A6B2ECC /* [CP] Copy Pods Resources */,
			);
			buildRules = (
			);
			dependencies = (
			);
			name = "FaceDetection-MLKit";
			productName = "FaceDetection-MLKit";
			productReference = 71B182D3224A5527007078C7 /* FaceDetection-MLKit.app */;
			productType = "com.apple.product-type.application";
		};
		71B182E6224A5529007078C7 /* FaceDetection-MLKitTests */ = {
			isa = PBXNativeTarget;
			buildConfigurationList = 71B182F3224A5529007078C7 /* Build configuration list for PBXNativeTarget "FaceDetection-MLKitTests" */;
			buildPhases = (
				71DFF3FF9E01918823C6800B /* [CP] Check Pods Manifest.lock */,
				71B182E3224A5529007078C7 /* Sources */,
				71B182E4224A5529007078C7 /* Frameworks */,
				71B182E5224A5529007078C7 /* Resources */,
			);
			buildRules = (
			);
			dependencies = (
				71B182E9224A5529007078C7 /* PBXTargetDependency */,
			);
			name = "FaceDetection-MLKitTests";
			productName = "FaceDetection-MLKitTests";
			productReference = 71B182E7224A5529007078C7 /* FaceDetection-MLKitTests.xctest */;
			productType = "com.apple.product-type.bundle.unit-test";
		};
/* End PBXNativeTarget section */

/* Begin PBXProject section */
		71B182CB224A5527007078C7 /* Project object */ = {
			isa = PBXProject;
			attributes = {
				LastSwiftUpdateCheck = 1010;
				LastUpgradeCheck = 1010;
				ORGANIZATIONNAME = "Doyoung Gwak";
				TargetAttributes = {
					71B182D2224A5527007078C7 = {
						CreatedOnToolsVersion = 10.1;
					};
					71B182E6224A5529007078C7 = {
						CreatedOnToolsVersion = 10.1;
						TestTargetID = 71B182D2224A5527007078C7;
					};
				};
			};
			buildConfigurationList = 71B182CE224A5527007078C7 /* Build configuration list for PBXProject "FaceDetection-MLKit" */;
			compatibilityVersion = "Xcode 9.3";
			developmentRegion = en;
			hasScannedForEncodings = 0;
			knownRegions = (
				en,
				Base,
			);
			mainGroup = 71B182CA224A5527007078C7;
			productRefGroup = 71B182D4224A5527007078C7 /* Products */;
			projectDirPath = "";
			projectRoot = "";
			targets = (
				71B182D2224A5527007078C7 /* FaceDetection-MLKit */,
				71B182E6224A5529007078C7 /* FaceDetection-MLKitTests */,
			);
		};
/* End PBXProject section */

/* Begin PBXResourcesBuildPhase section */
		71B182D1224A5527007078C7 /* Resources */ = {
			isa = PBXResourcesBuildPhase;
			buildActionMask = 2147483647;
			files = (
				71B182E1224A5529007078C7 /* LaunchScreen.storyboard in Resources */,
				71B182F7224A554B007078C7 /* GoogleService-Info.plist in Resources */,
				71B182DE224A5529007078C7 /* Assets.xcassets in Resources */,
				71B182DC224A5527007078C7 /* Main.storyboard in Resources */,
			);
			runOnlyForDeploymentPostprocessing = 0;
		};
		71B182E5224A5529007078C7 /* Resources */ = {
			isa = PBXResourcesBuildPhase;
			buildActionMask = 2147483647;
			files = (
			);
			runOnlyForDeploymentPostprocessing = 0;
		};
/* End PBXResourcesBuildPhase section */

/* Begin PBXShellScriptBuildPhase section */
		389E79C06826572392561045 /* [CP] Check Pods Manifest.lock */ = {
			isa = PBXShellScriptBuildPhase;
			buildActionMask = 2147483647;
			files = (
			);
			inputFileListPaths = (
			);
			inputPaths = (
				"${PODS_PODFILE_DIR_PATH}/Podfile.lock",
				"${PODS_ROOT}/Manifest.lock",
			);
			name = "[CP] Check Pods Manifest.lock";
			outputFileListPaths = (
			);
			outputPaths = (
				"$(DERIVED_FILE_DIR)/Pods-FaceDetection-MLKit-checkManifestLockResult.txt",
			);
			runOnlyForDeploymentPostprocessing = 0;
			shellPath = /bin/sh;
			shellScript = "diff \"${PODS_PODFILE_DIR_PATH}/Podfile.lock\" \"${PODS_ROOT}/Manifest.lock\" > /dev/null\nif [ $? != 0 ] ; then\n    # print error to STDERR\n    echo \"error: The sandbox is not in sync with the Podfile.lock. Run 'pod install' or update your CocoaPods installation.\" >&2\n    exit 1\nfi\n# This output is used by Xcode 'outputs' to avoid re-running this script phase.\necho \"SUCCESS\" > \"${SCRIPT_OUTPUT_FILE_0}\"\n";
			showEnvVarsInLog = 0;
		};
		55E8DA1EA41313DF2A6B2ECC /* [CP] Copy Pods Resources */ = {
			isa = PBXShellScriptBuildPhase;
			buildActionMask = 2147483647;
			files = (
			);
			inputFileListPaths = (
			);
			inputPaths = (
				"${PODS_ROOT}/Target Support Files/Pods-FaceDetection-MLKit/Pods-FaceDetection-MLKit-resources.sh",
				"${PODS_CONFIGURATION_BUILD_DIR}/GoogleMobileVision/GoogleMVFaceDetectorResources.bundle",
			);
			name = "[CP] Copy Pods Resources";
			outputFileListPaths = (
			);
			outputPaths = (
				"${TARGET_BUILD_DIR}/${UNLOCALIZED_RESOURCES_FOLDER_PATH}/GoogleMVFaceDetectorResources.bundle",
			);
			runOnlyForDeploymentPostprocessing = 0;
			shellPath = /bin/sh;
			shellScript = "\"${PODS_ROOT}/Target Support Files/Pods-FaceDetection-MLKit/Pods-FaceDetection-MLKit-resources.sh\"\n";
			showEnvVarsInLog = 0;
		};
		71DFF3FF9E01918823C6800B /* [CP] Check Pods Manifest.lock */ = {
			isa = PBXShellScriptBuildPhase;
			buildActionMask = 2147483647;
			files = (
			);
			inputFileListPaths = (
			);
			inputPaths = (
				"${PODS_PODFILE_DIR_PATH}/Podfile.lock",
				"${PODS_ROOT}/Manifest.lock",
			);
			name = "[CP] Check Pods Manifest.lock";
			outputFileListPaths = (
			);
			outputPaths = (
				"$(DERIVED_FILE_DIR)/Pods-FaceDetection-MLKitTests-checkManifestLockResult.txt",
			);
			runOnlyForDeploymentPostprocessing = 0;
			shellPath = /bin/sh;
			shellScript = "diff \"${PODS_PODFILE_DIR_PATH}/Podfile.lock\" \"${PODS_ROOT}/Manifest.lock\" > /dev/null\nif [ $? != 0 ] ; then\n    # print error to STDERR\n    echo \"error: The sandbox is not in sync with the Podfile.lock. Run 'pod install' or update your CocoaPods installation.\" >&2\n    exit 1\nfi\n# This output is used by Xcode 'outputs' to avoid re-running this script phase.\necho \"SUCCESS\" > \"${SCRIPT_OUTPUT_FILE_0}\"\n";
			showEnvVarsInLog = 0;
		};
		B5E78D0D1240C39AD9243187 /* [CP] Embed Pods Frameworks */ = {
			isa = PBXShellScriptBuildPhase;
			buildActionMask = 2147483647;
			files = (
			);
			inputFileListPaths = (
			);
			inputPaths = (
				"${PODS_ROOT}/Target Support Files/Pods-FaceDetection-MLKit/Pods-FaceDetection-MLKit-frameworks.sh",
				"${BUILT_PRODUCTS_DIR}/GTMSessionFetcher/GTMSessionFetcher.framework",
				"${BUILT_PRODUCTS_DIR}/GoogleAPIClientForREST/GoogleAPIClientForREST.framework",
				"${BUILT_PRODUCTS_DIR}/GoogleToolboxForMac/GoogleToolboxForMac.framework",
				"${BUILT_PRODUCTS_DIR}/GoogleUtilities/GoogleUtilities.framework",
				"${BUILT_PRODUCTS_DIR}/Protobuf/Protobuf.framework",
				"${BUILT_PRODUCTS_DIR}/nanopb/nanopb.framework",
			);
			name = "[CP] Embed Pods Frameworks";
			outputFileListPaths = (
			);
			outputPaths = (
				"${TARGET_BUILD_DIR}/${FRAMEWORKS_FOLDER_PATH}/GTMSessionFetcher.framework",
				"${TARGET_BUILD_DIR}/${FRAMEWORKS_FOLDER_PATH}/GoogleAPIClientForREST.framework",
				"${TARGET_BUILD_DIR}/${FRAMEWORKS_FOLDER_PATH}/GoogleToolboxForMac.framework",
				"${TARGET_BUILD_DIR}/${FRAMEWORKS_FOLDER_PATH}/GoogleUtilities.framework",
				"${TARGET_BUILD_DIR}/${FRAMEWORKS_FOLDER_PATH}/Protobuf.framework",
				"${TARGET_BUILD_DIR}/${FRAMEWORKS_FOLDER_PATH}/nanopb.framework",
			);
			runOnlyForDeploymentPostprocessing = 0;
			shellPath = /bin/sh;
			shellScript = "\"${PODS_ROOT}/Target Support Files/Pods-FaceDetection-MLKit/Pods-FaceDetection-MLKit-frameworks.sh\"\n";
			showEnvVarsInLog = 0;
		};
/* End PBXShellScriptBuildPhase section */

/* Begin PBXSourcesBuildPhase section */
		71B182CF224A5527007078C7 /* Sources */ = {
			isa = PBXSourcesBuildPhase;
			buildActionMask = 2147483647;
			files = (
				71B182D9224A5527007078C7 /* ViewController.swift in Sources */,
				71B182F9224A56F7007078C7 /* VideoCapture.swift in Sources */,
				71B182FD224A59E6007078C7 /* DrawingView.swift in Sources */,
				71B182FB224A5702007078C7 /* Measure.swift in Sources */,
				71B182D7224A5527007078C7 /* AppDelegate.swift in Sources */,
			);
			runOnlyForDeploymentPostprocessing = 0;
		};
		71B182E3224A5529007078C7 /* Sources */ = {
			isa = PBXSourcesBuildPhase;
			buildActionMask = 2147483647;
			files = (
				71B182EC224A5529007078C7 /* FaceDetection_MLKitTests.swift in Sources */,
			);
			runOnlyForDeploymentPostprocessing = 0;
		};
/* End PBXSourcesBuildPhase section */

/* Begin PBXTargetDependency section */
		71B182E9224A5529007078C7 /* PBXTargetDependency */ = {
			isa = PBXTargetDependency;
			target = 71B182D2224A5527007078C7 /* FaceDetection-MLKit */;
			targetProxy = 71B182E8224A5529007078C7 /* PBXContainerItemProxy */;
		};
/* End PBXTargetDependency section */

/* Begin PBXVariantGroup section */
		71B182DA224A5527007078C7 /* Main.storyboard */ = {
			isa = PBXVariantGroup;
			children = (
				71B182DB224A5527007078C7 /* Base */,
			);
			name = Main.storyboard;
			sourceTree = "<group>";
		};
		71B182DF224A5529007078C7 /* LaunchScreen.storyboard */ = {
			isa = PBXVariantGroup;
			children = (
				71B182E0224A5529007078C7 /* Base */,
			);
			name = LaunchScreen.storyboard;
			sourceTree = "<group>";
		};
/* End PBXVariantGroup section */

/* Begin XCBuildConfiguration section */
		71B182EE224A5529007078C7 /* Debug */ = {
			isa = XCBuildConfiguration;
			buildSettings = {
				ALWAYS_SEARCH_USER_PATHS = NO;
				CLANG_ANALYZER_NONNULL = YES;
				CLANG_ANALYZER_NUMBER_OBJECT_CONVERSION = YES_AGGRESSIVE;
				CLANG_CXX_LANGUAGE_STANDARD = "gnu++14";
				CLANG_CXX_LIBRARY = "libc++";
				CLANG_ENABLE_MODULES = YES;
				CLANG_ENABLE_OBJC_ARC = YES;
				CLANG_ENABLE_OBJC_WEAK = YES;
				CLANG_WARN_BLOCK_CAPTURE_AUTORELEASING = YES;
				CLANG_WARN_BOOL_CONVERSION = YES;
				CLANG_WARN_COMMA = YES;
				CLANG_WARN_CONSTANT_CONVERSION = YES;
				CLANG_WARN_DEPRECATED_OBJC_IMPLEMENTATIONS = YES;
				CLANG_WARN_DIRECT_OBJC_ISA_USAGE = YES_ERROR;
				CLANG_WARN_DOCUMENTATION_COMMENTS = YES;
				CLANG_WARN_EMPTY_BODY = YES;
				CLANG_WARN_ENUM_CONVERSION = YES;
				CLANG_WARN_INFINITE_RECURSION = YES;
				CLANG_WARN_INT_CONVERSION = YES;
				CLANG_WARN_NON_LITERAL_NULL_CONVERSION = YES;
				CLANG_WARN_OBJC_IMPLICIT_RETAIN_SELF = YES;
				CLANG_WARN_OBJC_LITERAL_CONVERSION = YES;
				CLANG_WARN_OBJC_ROOT_CLASS = YES_ERROR;
				CLANG_WARN_RANGE_LOOP_ANALYSIS = YES;
				CLANG_WARN_STRICT_PROTOTYPES = YES;
				CLANG_WARN_SUSPICIOUS_MOVE = YES;
				CLANG_WARN_UNGUARDED_AVAILABILITY = YES_AGGRESSIVE;
				CLANG_WARN_UNREACHABLE_CODE = YES;
				CLANG_WARN__DUPLICATE_METHOD_MATCH = YES;
				CODE_SIGN_IDENTITY = "iPhone Developer";
				COPY_PHASE_STRIP = NO;
				DEBUG_INFORMATION_FORMAT = dwarf;
				ENABLE_STRICT_OBJC_MSGSEND = YES;
				ENABLE_TESTABILITY = YES;
				GCC_C_LANGUAGE_STANDARD = gnu11;
				GCC_DYNAMIC_NO_PIC = NO;
				GCC_NO_COMMON_BLOCKS = YES;
				GCC_OPTIMIZATION_LEVEL = 0;
				GCC_PREPROCESSOR_DEFINITIONS = (
					"DEBUG=1",
					"$(inherited)",
				);
				GCC_WARN_64_TO_32_BIT_CONVERSION = YES;
				GCC_WARN_ABOUT_RETURN_TYPE = YES_ERROR;
				GCC_WARN_UNDECLARED_SELECTOR = YES;
				GCC_WARN_UNINITIALIZED_AUTOS = YES_AGGRESSIVE;
				GCC_WARN_UNUSED_FUNCTION = YES;
				GCC_WARN_UNUSED_VARIABLE = YES;
				IPHONEOS_DEPLOYMENT_TARGET = 12.1;
				MTL_ENABLE_DEBUG_INFO = INCLUDE_SOURCE;
				MTL_FAST_MATH = YES;
				ONLY_ACTIVE_ARCH = YES;
				SDKROOT = iphoneos;
				SWIFT_ACTIVE_COMPILATION_CONDITIONS = DEBUG;
				SWIFT_OPTIMIZATION_LEVEL = "-Onone";
			};
			name = Debug;
		};
		71B182EF224A5529007078C7 /* Release */ = {
			isa = XCBuildConfiguration;
			buildSettings = {
				ALWAYS_SEARCH_USER_PATHS = NO;
				CLANG_ANALYZER_NONNULL = YES;
				CLANG_ANALYZER_NUMBER_OBJECT_CONVERSION = YES_AGGRESSIVE;
				CLANG_CXX_LANGUAGE_STANDARD = "gnu++14";
				CLANG_CXX_LIBRARY = "libc++";
				CLANG_ENABLE_MODULES = YES;
				CLANG_ENABLE_OBJC_ARC = YES;
				CLANG_ENABLE_OBJC_WEAK = YES;
				CLANG_WARN_BLOCK_CAPTURE_AUTORELEASING = YES;
				CLANG_WARN_BOOL_CONVERSION = YES;
				CLANG_WARN_COMMA = YES;
				CLANG_WARN_CONSTANT_CONVERSION = YES;
				CLANG_WARN_DEPRECATED_OBJC_IMPLEMENTATIONS = YES;
				CLANG_WARN_DIRECT_OBJC_ISA_USAGE = YES_ERROR;
				CLANG_WARN_DOCUMENTATION_COMMENTS = YES;
				CLANG_WARN_EMPTY_BODY = YES;
				CLANG_WARN_ENUM_CONVERSION = YES;
				CLANG_WARN_INFINITE_RECURSION = YES;
				CLANG_WARN_INT_CONVERSION = YES;
				CLANG_WARN_NON_LITERAL_NULL_CONVERSION = YES;
				CLANG_WARN_OBJC_IMPLICIT_RETAIN_SELF = YES;
				CLANG_WARN_OBJC_LITERAL_CONVERSION = YES;
				CLANG_WARN_OBJC_ROOT_CLASS = YES_ERROR;
				CLANG_WARN_RANGE_LOOP_ANALYSIS = YES;
				CLANG_WARN_STRICT_PROTOTYPES = YES;
				CLANG_WARN_SUSPICIOUS_MOVE = YES;
				CLANG_WARN_UNGUARDED_AVAILABILITY = YES_AGGRESSIVE;
				CLANG_WARN_UNREACHABLE_CODE = YES;
				CLANG_WARN__DUPLICATE_METHOD_MATCH = YES;
				CODE_SIGN_IDENTITY = "iPhone Developer";
				COPY_PHASE_STRIP = NO;
				DEBUG_INFORMATION_FORMAT = "dwarf-with-dsym";
				ENABLE_NS_ASSERTIONS = NO;
				ENABLE_STRICT_OBJC_MSGSEND = YES;
				GCC_C_LANGUAGE_STANDARD = gnu11;
				GCC_NO_COMMON_BLOCKS = YES;
				GCC_WARN_64_TO_32_BIT_CONVERSION = YES;
				GCC_WARN_ABOUT_RETURN_TYPE = YES_ERROR;
				GCC_WARN_UNDECLARED_SELECTOR = YES;
				GCC_WARN_UNINITIALIZED_AUTOS = YES_AGGRESSIVE;
				GCC_WARN_UNUSED_FUNCTION = YES;
				GCC_WARN_UNUSED_VARIABLE = YES;
				IPHONEOS_DEPLOYMENT_TARGET = 12.1;
				MTL_ENABLE_DEBUG_INFO = NO;
				MTL_FAST_MATH = YES;
				SDKROOT = iphoneos;
				SWIFT_COMPILATION_MODE = wholemodule;
				SWIFT_OPTIMIZATION_LEVEL = "-O";
				VALIDATE_PRODUCT = YES;
			};
			name = Release;
		};
		71B182F1224A5529007078C7 /* Debug */ = {
			isa = XCBuildConfiguration;
			baseConfigurationReference = 300228CD0A11BAB2391E5389 /* Pods-FaceDetection-MLKit.debug.xcconfig */;
			buildSettings = {
				ASSETCATALOG_COMPILER_APPICON_NAME = AppIcon;
				CODE_SIGN_STYLE = Automatic;
				DEVELOPMENT_TEAM = 5WXJ4Z4H69;
				INFOPLIST_FILE = "FaceDetection-MLKit/Info.plist";
				LD_RUNPATH_SEARCH_PATHS = (
					"$(inherited)",
					"@executable_path/Frameworks",
				);
				PRODUCT_BUNDLE_IDENTIFIER = "com.tucan9389.facedetection-mlkit.FaceDetection-MLKit";
				PRODUCT_NAME = "$(TARGET_NAME)";
				SWIFT_VERSION = 4.2;
				TARGETED_DEVICE_FAMILY = "1,2";
			};
			name = Debug;
		};
		71B182F2224A5529007078C7 /* Release */ = {
			isa = XCBuildConfiguration;
			baseConfigurationReference = BB6FF90A25B65FC49981FCDB /* Pods-FaceDetection-MLKit.release.xcconfig */;
			buildSettings = {
				ASSETCATALOG_COMPILER_APPICON_NAME = AppIcon;
				CODE_SIGN_STYLE = Automatic;
				DEVELOPMENT_TEAM = 5WXJ4Z4H69;
				INFOPLIST_FILE = "FaceDetection-MLKit/Info.plist";
				LD_RUNPATH_SEARCH_PATHS = (
					"$(inherited)",
					"@executable_path/Frameworks",
				);
				PRODUCT_BUNDLE_IDENTIFIER = "com.tucan9389.facedetection-mlkit.FaceDetection-MLKit";
				PRODUCT_NAME = "$(TARGET_NAME)";
				SWIFT_VERSION = 4.2;
				TARGETED_DEVICE_FAMILY = "1,2";
			};
			name = Release;
		};
		71B182F4224A5529007078C7 /* Debug */ = {
			isa = XCBuildConfiguration;
			baseConfigurationReference = 6A7811808EBD55F314A60F32 /* Pods-FaceDetection-MLKitTests.debug.xcconfig */;
			buildSettings = {
				ALWAYS_EMBED_SWIFT_STANDARD_LIBRARIES = YES;
				BUNDLE_LOADER = "$(TEST_HOST)";
				CODE_SIGN_STYLE = Automatic;
				DEVELOPMENT_TEAM = 5WXJ4Z4H69;
				INFOPLIST_FILE = "FaceDetection-MLKitTests/Info.plist";
				LD_RUNPATH_SEARCH_PATHS = (
					"$(inherited)",
					"@executable_path/Frameworks",
					"@loader_path/Frameworks",
				);
				PRODUCT_BUNDLE_IDENTIFIER = "com.tucan9389.facedetection-mlkit.FaceDetection-MLKitTests";
				PRODUCT_NAME = "$(TARGET_NAME)";
				SWIFT_VERSION = 4.2;
				TARGETED_DEVICE_FAMILY = "1,2";
				TEST_HOST = "$(BUILT_PRODUCTS_DIR)/FaceDetection-MLKit.app/FaceDetection-MLKit";
			};
			name = Debug;
		};
		71B182F5224A5529007078C7 /* Release */ = {
			isa = XCBuildConfiguration;
			baseConfigurationReference = 75C50F6048454BDB4DEF36F3 /* Pods-FaceDetection-MLKitTests.release.xcconfig */;
			buildSettings = {
				ALWAYS_EMBED_SWIFT_STANDARD_LIBRARIES = YES;
				BUNDLE_LOADER = "$(TEST_HOST)";
				CODE_SIGN_STYLE = Automatic;
				DEVELOPMENT_TEAM = 5WXJ4Z4H69;
				INFOPLIST_FILE = "FaceDetection-MLKitTests/Info.plist";
				LD_RUNPATH_SEARCH_PATHS = (
					"$(inherited)",
					"@executable_path/Frameworks",
					"@loader_path/Frameworks",
				);
				PRODUCT_BUNDLE_IDENTIFIER = "com.tucan9389.facedetection-mlkit.FaceDetection-MLKitTests";
				PRODUCT_NAME = "$(TARGET_NAME)";
				SWIFT_VERSION = 4.2;
				TARGETED_DEVICE_FAMILY = "1,2";
				TEST_HOST = "$(BUILT_PRODUCTS_DIR)/FaceDetection-MLKit.app/FaceDetection-MLKit";
			};
			name = Release;
		};
/* End XCBuildConfiguration section */

/* Begin XCConfigurationList section */
		71B182CE224A5527007078C7 /* Build configuration list for PBXProject "FaceDetection-MLKit" */ = {
			isa = XCConfigurationList;
			buildConfigurations = (
				71B182EE224A5529007078C7 /* Debug */,
				71B182EF224A5529007078C7 /* Release */,
			);
			defaultConfigurationIsVisible = 0;
			defaultConfigurationName = Release;
		};
		71B182F0224A5529007078C7 /* Build configuration list for PBXNativeTarget "FaceDetection-MLKit" */ = {
			isa = XCConfigurationList;
			buildConfigurations = (
				71B182F1224A5529007078C7 /* Debug */,
				71B182F2224A5529007078C7 /* Release */,
			);
			defaultConfigurationIsVisible = 0;
			defaultConfigurationName = Release;
		};
		71B182F3224A5529007078C7 /* Build configuration list for PBXNativeTarget "FaceDetection-MLKitTests" */ = {
			isa = XCConfigurationList;
			buildConfigurations = (
				71B182F4224A5529007078C7 /* Debug */,
				71B182F5224A5529007078C7 /* Release */,
			);
			defaultConfigurationIsVisible = 0;
			defaultConfigurationName = Release;
		};
/* End XCConfigurationList section */
	};
	rootObject = 71B182CB224A5527007078C7 /* Project object */;
}
